// !$*UTF8*$!
{
	archiveVersion = 1;
	classes = {
	};
	objectVersion = 46;
	objects = {

/* Begin PBXBuildFile section */
		09DE3DF1BF337931FFFA3993 /* DashboardView.swift in Sources */ = {isa = PBXBuildFile; fileRef = 79520C19E1DA37938513C683 /* DashboardView.swift */; };
		109D0A63FFE6959121270388 /* SubscriptionService.swift in Sources */ = {isa = PBXBuildFile; fileRef = 650A2A592B78638395BB0250 /* SubscriptionService.swift */; };
		121F6683257FD78D82C06A0C /* RecurringItemEditorView.swift in Sources */ = {isa = PBXBuildFile; fileRef = 564FA967ED04A4E2DC67DBB1 /* RecurringItemEditorView.swift */; };
		165803D8FFF3C9C6F8BEE9CB /* Contents.json in Sources */ = {isa = PBXBuildFile; fileRef = D28F243E6EC84E730318D9B0 /* Contents.json */; };
		2C59A426FB8139F491815144 /* FinanceAssistantServiceTests.swift in Sources */ = {isa = PBXBuildFile; fileRef = 849FBBEDFC42F45529A6887B /* FinanceAssistantServiceTests.swift */; };
		2DC775954EC10D34ABEEE372 /* AppModel.swift in Sources */ = {isa = PBXBuildFile; fileRef = A0C3D7ACA6343CEC158F5B9F /* AppModel.swift */; };
		30262DDBC3DEE01DB313C3D7 /* ChatView.swift in Sources */ = {isa = PBXBuildFile; fileRef = 630BA7A4E2DD30179F1CDE2D /* ChatView.swift */; };
		3270FF6B7F77969A27ED1DC2 /* LocalPersistence.swift in Sources */ = {isa = PBXBuildFile; fileRef = A4BF38527A74D7BFE53DA8A8 /* LocalPersistence.swift */; };
		42A1531AE073772D3D6D2865 /* InsightsEngineTests.swift in Sources */ = {isa = PBXBuildFile; fileRef = DB458FF977FFB5767B132D95 /* InsightsEngineTests.swift */; };
		4ADD98AEB12B419FF4B97573 /* Formatting.swift in Sources */ = {isa = PBXBuildFile; fileRef = 8204E881CB86386810AC020E /* Formatting.swift */; };
		4C51B512E45B58CE736693CF /* MoneyGoWhereApp.swift in Sources */ = {isa = PBXBuildFile; fileRef = 96690D999ABB657F0743CB7A /* MoneyGoWhereApp.swift */; };
		68141640B7C9EC36CDB6ED31 /* CurrencyConversionService.swift in Sources */ = {isa = PBXBuildFile; fileRef = 0441AC2FA30B1E57211ECC3C /* CurrencyConversionService.swift */; };
		6EFFCBF55F680415C1649011 /* OnboardingFlowView.swift in Sources */ = {isa = PBXBuildFile; fileRef = 0C91B41D4BC3B9FB6AA5E117 /* OnboardingFlowView.swift */; };
		78D9AE049E0D9F8C808EEEC7 /* Foundation.framework in Frameworks */ = {isa = PBXBuildFile; fileRef = 33AA51E3C7E19289E089232E /* Foundation.framework */; };
		81937326E31980F4F42F12DD /* Foundation.framework in Frameworks */ = {isa = PBXBuildFile; fileRef = 33AA51E3C7E19289E089232E /* Foundation.framework */; };
		8CF0FA8EAC614131A3C3BF77 /* MainShellView.swift in Sources */ = {isa = PBXBuildFile; fileRef = 7AB9C576F45A1E1EE00455ED /* MainShellView.swift */; };
		90458939B69C584B4B6C6095 /* CurrencyConversionServiceTests.swift in Sources */ = {isa = PBXBuildFile; fileRef = 653A52B445EE76873624CCE4 /* CurrencyConversionServiceTests.swift */; };
		91E1BE663DAFA02A639FD324 /* RootView.swift in Sources */ = {isa = PBXBuildFile; fileRef = 7E40177FC65B3A20617474A8 /* RootView.swift */; };
		98371930442CDC86E0DEF21D /* NotificationService.swift in Sources */ = {isa = PBXBuildFile; fileRef = 6A7688EE37874EAD3759BC42 /* NotificationService.swift */; };
		BA3CA401A93AF353203CB1D5 /* CatalogService.swift in Sources */ = {isa = PBXBuildFile; fileRef = 4858011759ED322D808D0992 /* CatalogService.swift */; };
		BF6FB9334EBE16F0025B4296 /* AccountService.swift in Sources */ = {isa = PBXBuildFile; fileRef = A3E7C6877890632B44B73F88 /* AccountService.swift */; };
		C86116FA4E6155543ECA0A93 /* FinanceAssistantService.swift in Sources */ = {isa = PBXBuildFile; fileRef = 9CD358CE82C67863E5E6B98B /* FinanceAssistantService.swift */; };
		C892DC849DC1A4D53E1D9F47 /* Contents.json in Sources */ = {isa = PBXBuildFile; fileRef = 3B832D6476337F1A02E08463 /* Contents.json */; };
		D54EC6B58F8F14B2E6DC3532 /* SyncService.swift in Sources */ = {isa = PBXBuildFile; fileRef = 77B885DC92D63494E5F038E8 /* SyncService.swift */; };
		D78FF3C7010721194971C457 /* ProjectionEngine.swift in Sources */ = {isa = PBXBuildFile; fileRef = E8A8B8091D053F864C200891 /* ProjectionEngine.swift */; };
		D8E1BCA919DEA80987FABE2C /* Contents.json in Sources */ = {isa = PBXBuildFile; fileRef = 6625ADDB850588811592556B /* Contents.json */; };
		DC16C4C269DC0A10CF435CF0 /* InsightsEngine.swift in Sources */ = {isa = PBXBuildFile; fileRef = 0EE29F7AEBA41D870D6DB7B0 /* InsightsEngine.swift */; };
		DD5DDFCFE563E42E493D3D2F /* ProjectionEngineTests.swift in Sources */ = {isa = PBXBuildFile; fileRef = 69266079B60374024B90F2BC /* ProjectionEngineTests.swift */; };
		EF73D3416F233BD030C27BDA /* FinanceModels.swift in Sources */ = {isa = PBXBuildFile; fileRef = 923867EA77CDD41188E7CAE5 /* FinanceModels.swift */; };
/* End PBXBuildFile section */

/* Begin PBXContainerItemProxy section */
		2F1A5726E3027B729AC43718 /* PBXContainerItemProxy */ = {
			isa = PBXContainerItemProxy;
			containerPortal = C6C4FE069478ED5D841EDC64 /* Project object */;
			proxyType = 1;
			remoteGlobalIDString = D354AFF92CAE468C7472827D;
			remoteInfo = MoneyGoWhere;
		};
/* End PBXContainerItemProxy section */

/* Begin PBXFileReference section */
		0441AC2FA30B1E57211ECC3C /* CurrencyConversionService.swift */ = {isa = PBXFileReference; includeInIndex = 1; lastKnownFileType = sourcecode.swift; name = CurrencyConversionService.swift; path = MoneyGoWhere/Services/CurrencyConversionService.swift; sourceTree = "<group>"; };
		0C91B41D4BC3B9FB6AA5E117 /* OnboardingFlowView.swift */ = {isa = PBXFileReference; includeInIndex = 1; lastKnownFileType = sourcecode.swift; name = OnboardingFlowView.swift; path = MoneyGoWhere/Views/OnboardingFlowView.swift; sourceTree = "<group>"; };
		0EE29F7AEBA41D870D6DB7B0 /* InsightsEngine.swift */ = {isa = PBXFileReference; includeInIndex = 1; lastKnownFileType = sourcecode.swift; name = InsightsEngine.swift; path = MoneyGoWhere/Services/InsightsEngine.swift; sourceTree = "<group>"; };
		33AA51E3C7E19289E089232E /* Foundation.framework */ = {isa = PBXFileReference; lastKnownFileType = wrapper.framework; name = Foundation.framework; path = Platforms/iPhoneOS.platform/Developer/SDKs/iPhoneOS14.0.sdk/System/Library/Frameworks/Foundation.framework; sourceTree = DEVELOPER_DIR; };
		3B832D6476337F1A02E08463 /* Contents.json */ = {isa = PBXFileReference; includeInIndex = 1; name = Contents.json; path = MoneyGoWhere/Assets.xcassets/AppIcon.appiconset/Contents.json; sourceTree = "<group>"; };
		4858011759ED322D808D0992 /* CatalogService.swift */ = {isa = PBXFileReference; includeInIndex = 1; lastKnownFileType = sourcecode.swift; name = CatalogService.swift; path = MoneyGoWhere/Services/CatalogService.swift; sourceTree = "<group>"; };
		564FA967ED04A4E2DC67DBB1 /* RecurringItemEditorView.swift */ = {isa = PBXFileReference; includeInIndex = 1; lastKnownFileType = sourcecode.swift; name = RecurringItemEditorView.swift; path = MoneyGoWhere/Views/RecurringItemEditorView.swift; sourceTree = "<group>"; };
		630BA7A4E2DD30179F1CDE2D /* ChatView.swift */ = {isa = PBXFileReference; includeInIndex = 1; lastKnownFileType = sourcecode.swift; name = ChatView.swift; path = MoneyGoWhere/Views/ChatView.swift; sourceTree = "<group>"; };
		650A2A592B78638395BB0250 /* SubscriptionService.swift */ = {isa = PBXFileReference; includeInIndex = 1; lastKnownFileType = sourcecode.swift; name = SubscriptionService.swift; path = MoneyGoWhere/Services/SubscriptionService.swift; sourceTree = "<group>"; };
		653A52B445EE76873624CCE4 /* CurrencyConversionServiceTests.swift */ = {isa = PBXFileReference; includeInIndex = 1; lastKnownFileType = sourcecode.swift; name = CurrencyConversionServiceTests.swift; path = MoneyGoWhereTests/CurrencyConversionServiceTests.swift; sourceTree = "<group>"; };
		6625ADDB850588811592556B /* Contents.json */ = {isa = PBXFileReference; includeInIndex = 1; name = Contents.json; path = MoneyGoWhere/Assets.xcassets/AccentColor.colorset/Contents.json; sourceTree = "<group>"; };
		69266079B60374024B90F2BC /* ProjectionEngineTests.swift */ = {isa = PBXFileReference; includeInIndex = 1; lastKnownFileType = sourcecode.swift; name = ProjectionEngineTests.swift; path = MoneyGoWhereTests/ProjectionEngineTests.swift; sourceTree = "<group>"; };
		6A7688EE37874EAD3759BC42 /* NotificationService.swift */ = {isa = PBXFileReference; includeInIndex = 1; lastKnownFileType = sourcecode.swift; name = NotificationService.swift; path = MoneyGoWhere/Services/NotificationService.swift; sourceTree = "<group>"; };
		77B885DC92D63494E5F038E8 /* SyncService.swift */ = {isa = PBXFileReference; includeInIndex = 1; lastKnownFileType = sourcecode.swift; name = SyncService.swift; path = MoneyGoWhere/Services/SyncService.swift; sourceTree = "<group>"; };
		79520C19E1DA37938513C683 /* DashboardView.swift */ = {isa = PBXFileReference; includeInIndex = 1; lastKnownFileType = sourcecode.swift; name = DashboardView.swift; path = MoneyGoWhere/Views/DashboardView.swift; sourceTree = "<group>"; };
		7AB9C576F45A1E1EE00455ED /* MainShellView.swift */ = {isa = PBXFileReference; includeInIndex = 1; lastKnownFileType = sourcecode.swift; name = MainShellView.swift; path = MoneyGoWhere/Views/MainShellView.swift; sourceTree = "<group>"; };
		7E40177FC65B3A20617474A8 /* RootView.swift */ = {isa = PBXFileReference; includeInIndex = 1; lastKnownFileType = sourcecode.swift; name = RootView.swift; path = MoneyGoWhere/Views/RootView.swift; sourceTree = "<group>"; };
		8204E881CB86386810AC020E /* Formatting.swift */ = {isa = PBXFileReference; includeInIndex = 1; lastKnownFileType = sourcecode.swift; name = Formatting.swift; path = MoneyGoWhere/Domain/Formatting.swift; sourceTree = "<group>"; };
		849FBBEDFC42F45529A6887B /* FinanceAssistantServiceTests.swift */ = {isa = PBXFileReference; includeInIndex = 1; lastKnownFileType = sourcecode.swift; name = FinanceAssistantServiceTests.swift; path = MoneyGoWhereTests/FinanceAssistantServiceTests.swift; sourceTree = "<group>"; };
		923867EA77CDD41188E7CAE5 /* FinanceModels.swift */ = {isa = PBXFileReference; includeInIndex = 1; lastKnownFileType = sourcecode.swift; name = FinanceModels.swift; path = MoneyGoWhere/Domain/FinanceModels.swift; sourceTree = "<group>"; };
		96690D999ABB657F0743CB7A /* MoneyGoWhereApp.swift */ = {isa = PBXFileReference; includeInIndex = 1; lastKnownFileType = sourcecode.swift; name = MoneyGoWhereApp.swift; path = MoneyGoWhere/App/MoneyGoWhereApp.swift; sourceTree = "<group>"; };
		9CD358CE82C67863E5E6B98B /* FinanceAssistantService.swift */ = {isa = PBXFileReference; includeInIndex = 1; lastKnownFileType = sourcecode.swift; name = FinanceAssistantService.swift; path = MoneyGoWhere/Services/FinanceAssistantService.swift; sourceTree = "<group>"; };
		9D93FE6E57E47DF301C49EFC /* MoneyGoWhere.app */ = {isa = PBXFileReference; explicitFileType = wrapper.application; includeInIndex = 0; path = MoneyGoWhere.app; sourceTree = BUILT_PRODUCTS_DIR; };
		A0C3D7ACA6343CEC158F5B9F /* AppModel.swift */ = {isa = PBXFileReference; includeInIndex = 1; lastKnownFileType = sourcecode.swift; name = AppModel.swift; path = MoneyGoWhere/App/AppModel.swift; sourceTree = "<group>"; };
		A3E7C6877890632B44B73F88 /* AccountService.swift */ = {isa = PBXFileReference; includeInIndex = 1; lastKnownFileType = sourcecode.swift; name = AccountService.swift; path = MoneyGoWhere/Services/AccountService.swift; sourceTree = "<group>"; };
		A4BF38527A74D7BFE53DA8A8 /* LocalPersistence.swift */ = {isa = PBXFileReference; includeInIndex = 1; lastKnownFileType = sourcecode.swift; name = LocalPersistence.swift; path = MoneyGoWhere/Services/LocalPersistence.swift; sourceTree = "<group>"; };
		AE6EA615E864B603E568972D /* MoneyGoWhereTests.xctest */ = {isa = PBXFileReference; explicitFileType = wrapper.cfbundle; includeInIndex = 0; path = MoneyGoWhereTests.xctest; sourceTree = BUILT_PRODUCTS_DIR; };
		D28F243E6EC84E730318D9B0 /* Contents.json */ = {isa = PBXFileReference; includeInIndex = 1; name = Contents.json; path = MoneyGoWhere/Assets.xcassets/Contents.json; sourceTree = "<group>"; };
		DB458FF977FFB5767B132D95 /* InsightsEngineTests.swift */ = {isa = PBXFileReference; includeInIndex = 1; lastKnownFileType = sourcecode.swift; name = InsightsEngineTests.swift; path = MoneyGoWhereTests/InsightsEngineTests.swift; sourceTree = "<group>"; };
		E8A8B8091D053F864C200891 /* ProjectionEngine.swift */ = {isa = PBXFileReference; includeInIndex = 1; lastKnownFileType = sourcecode.swift; name = ProjectionEngine.swift; path = MoneyGoWhere/Services/ProjectionEngine.swift; sourceTree = "<group>"; };
/* End PBXFileReference section */

/* Begin PBXFrameworksBuildPhase section */
		0AE1D08E41F17268C7A264B0 /* Frameworks */ = {
			isa = PBXFrameworksBuildPhase;
			buildActionMask = 2147483647;
			files = (
				78D9AE049E0D9F8C808EEEC7 /* Foundation.framework in Frameworks */,
			);
			runOnlyForDeploymentPostprocessing = 0;
		};
		E121C35C294413FF2A0EA71D /* Frameworks */ = {
			isa = PBXFrameworksBuildPhase;
			buildActionMask = 2147483647;
			files = (
				81937326E31980F4F42F12DD /* Foundation.framework in Frameworks */,
			);
			runOnlyForDeploymentPostprocessing = 0;
		};
/* End PBXFrameworksBuildPhase section */

/* Begin PBXGroup section */
		3C9479674016CA6BC0ACD19A /* MoneyGoWhereTests */ = {
			isa = PBXGroup;
			children = (
				653A52B445EE76873624CCE4 /* CurrencyConversionServiceTests.swift */,
				849FBBEDFC42F45529A6887B /* FinanceAssistantServiceTests.swift */,
				DB458FF977FFB5767B132D95 /* InsightsEngineTests.swift */,
				69266079B60374024B90F2BC /* ProjectionEngineTests.swift */,
			);
			name = MoneyGoWhereTests;
			sourceTree = "<group>";
		};
		4EA54C247A1590CCA6BEA703 /* iOS */ = {
			isa = PBXGroup;
			children = (
				33AA51E3C7E19289E089232E /* Foundation.framework */,
			);
			name = iOS;
			sourceTree = "<group>";
		};
		5A324ED08BD838A8E2F01607 /* Products */ = {
			isa = PBXGroup;
			children = (
				9D93FE6E57E47DF301C49EFC /* MoneyGoWhere.app */,
				AE6EA615E864B603E568972D /* MoneyGoWhereTests.xctest */,
			);
			name = Products;
			sourceTree = "<group>";
		};
		795FD1DBBD98A677C706DECD /* Frameworks */ = {
			isa = PBXGroup;
			children = (
				4EA54C247A1590CCA6BEA703 /* iOS */,
			);
			name = Frameworks;
			sourceTree = "<group>";
		};
		7DCA5920FEF1E374A321F5B1 = {
			isa = PBXGroup;
			children = (
				5A324ED08BD838A8E2F01607 /* Products */,
				795FD1DBBD98A677C706DECD /* Frameworks */,
				C62011971E5675FF3BBE1E1A /* MoneyGoWhere */,
				3C9479674016CA6BC0ACD19A /* MoneyGoWhereTests */,
			);
			sourceTree = SOURCE_ROOT;
		};
		C62011971E5675FF3BBE1E1A /* MoneyGoWhere */ = {
			isa = PBXGroup;
			children = (
				A0C3D7ACA6343CEC158F5B9F /* AppModel.swift */,
				96690D999ABB657F0743CB7A /* MoneyGoWhereApp.swift */,
				6625ADDB850588811592556B /* Contents.json */,
				3B832D6476337F1A02E08463 /* Contents.json */,
				D28F243E6EC84E730318D9B0 /* Contents.json */,
				923867EA77CDD41188E7CAE5 /* FinanceModels.swift */,
				8204E881CB86386810AC020E /* Formatting.swift */,
				A3E7C6877890632B44B73F88 /* AccountService.swift */,
				4858011759ED322D808D0992 /* CatalogService.swift */,
				0441AC2FA30B1E57211ECC3C /* CurrencyConversionService.swift */,
				9CD358CE82C67863E5E6B98B /* FinanceAssistantService.swift */,
				0EE29F7AEBA41D870D6DB7B0 /* InsightsEngine.swift */,
				A4BF38527A74D7BFE53DA8A8 /* LocalPersistence.swift */,
				6A7688EE37874EAD3759BC42 /* NotificationService.swift */,
				E8A8B8091D053F864C200891 /* ProjectionEngine.swift */,
				650A2A592B78638395BB0250 /* SubscriptionService.swift */,
				77B885DC92D63494E5F038E8 /* SyncService.swift */,
				630BA7A4E2DD30179F1CDE2D /* ChatView.swift */,
				79520C19E1DA37938513C683 /* DashboardView.swift */,
				7AB9C576F45A1E1EE00455ED /* MainShellView.swift */,
				0C91B41D4BC3B9FB6AA5E117 /* OnboardingFlowView.swift */,
				564FA967ED04A4E2DC67DBB1 /* RecurringItemEditorView.swift */,
				7E40177FC65B3A20617474A8 /* RootView.swift */,
			);
			name = MoneyGoWhere;
			sourceTree = "<group>";
		};
/* End PBXGroup section */

/* Begin PBXNativeTarget section */
		6918E21CF9C390212DB4B39D /* MoneyGoWhereTests */ = {
			isa = PBXNativeTarget;
			buildConfigurationList = 3947AB9513898324DA2E7EB5 /* Build configuration list for PBXNativeTarget "MoneyGoWhereTests" */;
			buildPhases = (
				BDA3BC2D165B61A0ACFA7F17 /* Sources */,
				0AE1D08E41F17268C7A264B0 /* Frameworks */,
				144FA80FFBDA6C9E8CBF483B /* Resources */,
			);
			buildRules = (
			);
			dependencies = (
				9765315AF1A44369836ACC6C /* PBXTargetDependency */,
			);
			name = MoneyGoWhereTests;
			productName = MoneyGoWhereTests;
			productReference = AE6EA615E864B603E568972D /* MoneyGoWhereTests.xctest */;
			productType = "com.apple.product-type.bundle.unit-test";
		};
		D354AFF92CAE468C7472827D /* MoneyGoWhere */ = {
			isa = PBXNativeTarget;
			buildConfigurationList = 4BC1A4ABD13ABF34E55ED9D2 /* Build configuration list for PBXNativeTarget "MoneyGoWhere" */;
			buildPhases = (
				A926AD51FB846DE643465517 /* Sources */,
				E121C35C294413FF2A0EA71D /* Frameworks */,
				7E68ACAE310A21657B8600E8 /* Resources */,
			);
			buildRules = (
			);
			dependencies = (
			);
			name = MoneyGoWhere;
			packageProductDependencies = (
				121A9ECC486B5650F46C0921 /* RevenueCat */,
			);
			productName = MoneyGoWhere;
			productReference = 9D93FE6E57E47DF301C49EFC /* MoneyGoWhere.app */;
			productType = "com.apple.product-type.application";
		};
/* End PBXNativeTarget section */

/* Begin PBXProject section */
		C6C4FE069478ED5D841EDC64 /* Project object */ = {
			isa = PBXProject;
			attributes = {
				LastSwiftUpdateCheck = 1240;
				LastUpgradeCheck = 2640;
				TargetAttributes = {
				};
			};
			buildConfigurationList = 22DEEB021C2DC50988537620 /* Build configuration list for PBXProject "MoneyGoWhere" */;
			compatibilityVersion = "Xcode 3.2";
			developmentRegion = en;
			hasScannedForEncodings = 0;
			knownRegions = (
				en,
				Base,
			);
			mainGroup = 7DCA5920FEF1E374A321F5B1;
			packageReferences = (
				D9B901AA4A7192FF3A47982D /* XCRemoteSwiftPackageReference "purchases-ios" */,
			);
			productRefGroup = 5A324ED08BD838A8E2F01607 /* Products */;
			projectDirPath = "";
			projectRoot = "";
			targets = (
				D354AFF92CAE468C7472827D /* MoneyGoWhere */,
				6918E21CF9C390212DB4B39D /* MoneyGoWhereTests */,
			);
		};
/* End PBXProject section */

/* Begin PBXResourcesBuildPhase section */
		144FA80FFBDA6C9E8CBF483B /* Resources */ = {
			isa = PBXResourcesBuildPhase;
			buildActionMask = 2147483647;
			files = (
			);
			runOnlyForDeploymentPostprocessing = 0;
		};
		7E68ACAE310A21657B8600E8 /* Resources */ = {
			isa = PBXResourcesBuildPhase;
			buildActionMask = 2147483647;
			files = (
			);
			runOnlyForDeploymentPostprocessing = 0;
		};
/* End PBXResourcesBuildPhase section */

/* Begin PBXSourcesBuildPhase section */
		A926AD51FB846DE643465517 /* Sources */ = {
			isa = PBXSourcesBuildPhase;
			buildActionMask = 2147483647;
			files = (
				2DC775954EC10D34ABEEE372 /* AppModel.swift in Sources */,
				4C51B512E45B58CE736693CF /* MoneyGoWhereApp.swift in Sources */,
				D8E1BCA919DEA80987FABE2C /* Contents.json in Sources */,
				C892DC849DC1A4D53E1D9F47 /* Contents.json in Sources */,
				165803D8FFF3C9C6F8BEE9CB /* Contents.json in Sources */,
				EF73D3416F233BD030C27BDA /* FinanceModels.swift in Sources */,
				4ADD98AEB12B419FF4B97573 /* Formatting.swift in Sources */,
				BF6FB9334EBE16F0025B4296 /* AccountService.swift in Sources */,
				BA3CA401A93AF353203CB1D5 /* CatalogService.swift in Sources */,
				68141640B7C9EC36CDB6ED31 /* CurrencyConversionService.swift in Sources */,
				C86116FA4E6155543ECA0A93 /* FinanceAssistantService.swift in Sources */,
				DC16C4C269DC0A10CF435CF0 /* InsightsEngine.swift in Sources */,
				3270FF6B7F77969A27ED1DC2 /* LocalPersistence.swift in Sources */,
				98371930442CDC86E0DEF21D /* NotificationService.swift in Sources */,
				D78FF3C7010721194971C457 /* ProjectionEngine.swift in Sources */,
				109D0A63FFE6959121270388 /* SubscriptionService.swift in Sources */,
				D54EC6B58F8F14B2E6DC3532 /* SyncService.swift in Sources */,
				30262DDBC3DEE01DB313C3D7 /* ChatView.swift in Sources */,
				09DE3DF1BF337931FFFA3993 /* DashboardView.swift in Sources */,
				8CF0FA8EAC614131A3C3BF77 /* MainShellView.swift in Sources */,
				6EFFCBF55F680415C1649011 /* OnboardingFlowView.swift in Sources */,
				121F6683257FD78D82C06A0C /* RecurringItemEditorView.swift in Sources */,
				91E1BE663DAFA02A639FD324 /* RootView.swift in Sources */,
			);
			runOnlyForDeploymentPostprocessing = 0;
		};
		BDA3BC2D165B61A0ACFA7F17 /* Sources */ = {
			isa = PBXSourcesBuildPhase;
			buildActionMask = 2147483647;
			files = (
				90458939B69C584B4B6C6095 /* CurrencyConversionServiceTests.swift in Sources */,
				2C59A426FB8139F491815144 /* FinanceAssistantServiceTests.swift in Sources */,
				42A1531AE073772D3D6D2865 /* InsightsEngineTests.swift in Sources */,
				DD5DDFCFE563E42E493D3D2F /* ProjectionEngineTests.swift in Sources */,
			);
			runOnlyForDeploymentPostprocessing = 0;
		};
/* End PBXSourcesBuildPhase section */

/* Begin PBXTargetDependency section */
		9765315AF1A44369836ACC6C /* PBXTargetDependency */ = {
			isa = PBXTargetDependency;
			name = MoneyGoWhere;
			target = D354AFF92CAE468C7472827D /* MoneyGoWhere */;
			targetProxy = 2F1A5726E3027B729AC43718 /* PBXContainerItemProxy */;
		};
/* End PBXTargetDependency section */

/* Begin XCBuildConfiguration section */
		100DE2EADE4FA515EEEFC104 /* Debug */ = {
			isa = XCBuildConfiguration;
			buildSettings = {
				BUNDLE_LOADER = "$(TEST_HOST)";
				CLANG_ENABLE_MODULES = YES;
				CLANG_ENABLE_OBJC_WEAK = NO;
				CODE_SIGN_STYLE = Automatic;
				DEVELOPMENT_TEAM = "";
				GENERATE_INFOPLIST_FILE = YES;
				IPHONEOS_DEPLOYMENT_TARGET = 17.0;
				PRODUCT_BUNDLE_IDENTIFIER = com.moneygowhere.app.tests;
				PRODUCT_NAME = "$(TARGET_NAME)";
				SDKROOT = iphoneos;
				SWIFT_EMIT_LOC_STRINGS = NO;
				SWIFT_VERSION = 6.0;
				TARGETED_DEVICE_FAMILY = 1;
				TEST_HOST = "$(BUILT_PRODUCTS_DIR)/MoneyGoWhere.app/$(BUNDLE_EXECUTABLE_FOLDER_PATH)/MoneyGoWhere";
			};
			name = Debug;
		};
		3E43DDE407BB1EAABCA4796C /* Debug */ = {
			isa = XCBuildConfiguration;
			buildSettings = {
				ALWAYS_SEARCH_USER_PATHS = NO;
				CLANG_ANALYZER_NONNULL = YES;
				CLANG_ANALYZER_NUMBER_OBJECT_CONVERSION = YES_AGGRESSIVE;
				CLANG_CXX_LANGUAGE_STANDARD = "gnu++14";
				CLANG_CXX_LIBRARY = "libc++";
				CLANG_ENABLE_MODULES = YES;
				CLANG_ENABLE_OBJC_ARC = YES;
				CLANG_ENABLE_OBJC_WEAK = YES;
				CLANG_WARN_BLOCK_CAPTURE_AUTORELEASING = YES;
				CLANG_WARN_BOOL_CONVERSION = YES;
				CLANG_WARN_COMMA = YES;
				CLANG_WARN_CONSTANT_CONVERSION = YES;
				CLANG_WARN_DEPRECATED_OBJC_IMPLEMENTATIONS = YES;
				CLANG_WARN_DIRECT_OBJC_ISA_USAGE = YES_ERROR;
				CLANG_WARN_DOCUMENTATION_COMMENTS = YES;
				CLANG_WARN_EMPTY_BODY = YES;
				CLANG_WARN_ENUM_CONVERSION = YES;
				CLANG_WARN_INFINITE_RECURSION = YES;
				CLANG_WARN_INT_CONVERSION = YES;
				CLANG_WARN_NON_LITERAL_NULL_CONVERSION = YES;
				CLANG_WARN_OBJC_IMPLICIT_RETAIN_SELF = YES;
				CLANG_WARN_OBJC_LITERAL_CONVERSION = YES;
				CLANG_WARN_OBJC_ROOT_CLASS = YES_ERROR;
				CLANG_WARN_QUOTED_INCLUDE_IN_FRAMEWORK_HEADER = YES;
				CLANG_WARN_RANGE_LOOP_ANALYSIS = YES;
				CLANG_WARN_STRICT_PROTOTYPES = YES;
				CLANG_WARN_SUSPICIOUS_MOVE = YES;
				CLANG_WARN_UNGUARDED_AVAILABILITY = YES_AGGRESSIVE;
				CLANG_WARN_UNREACHABLE_CODE = YES;
				CLANG_WARN__DUPLICATE_METHOD_MATCH = YES;
				COPY_PHASE_STRIP = NO;
				DEBUG_INFORMATION_FORMAT = dwarf;
				ENABLE_STRICT_OBJC_MSGSEND = YES;
				ENABLE_TESTABILITY = YES;
				GCC_C_LANGUAGE_STANDARD = gnu11;
				GCC_DYNAMIC_NO_PIC = NO;
				GCC_NO_COMMON_BLOCKS = YES;
				GCC_OPTIMIZATION_LEVEL = 0;
				GCC_PREPROCESSOR_DEFINITIONS = (
					"DEBUG=1",
					"$(inherited)",
				);
				GCC_WARN_64_TO_32_BIT_CONVERSION = YES;
				GCC_WARN_ABOUT_RETURN_TYPE = YES_ERROR;
				GCC_WARN_UNDECLARED_SELECTOR = YES;
				GCC_WARN_UNINITIALIZED_AUTOS = YES_AGGRESSIVE;
				GCC_WARN_UNUSED_FUNCTION = YES;
				GCC_WARN_UNUSED_VARIABLE = YES;
				MTL_ENABLE_DEBUG_INFO = INCLUDE_SOURCE;
				MTL_FAST_MATH = YES;
				ONLY_ACTIVE_ARCH = YES;
				PRODUCT_NAME = "$(TARGET_NAME)";
				SWIFT_ACTIVE_COMPILATION_CONDITIONS = DEBUG;
				SWIFT_OPTIMIZATION_LEVEL = "-Onone";
				SWIFT_VERSION = 5.0;
			};
			name = Debug;
		};
		5F09DB583D1FF355BF69850A /* Release */ = {
			isa = XCBuildConfiguration;
			buildSettings = {
				ASSETCATALOG_COMPILER_APPICON_NAME = AppIcon;
				ASSETCATALOG_COMPILER_GLOBAL_ACCENT_COLOR_NAME = AccentColor;
				CLANG_ENABLE_MODULES = YES;
				CLANG_ENABLE_OBJC_WEAK = NO;
				CODE_SIGN_STYLE = Automatic;
				CURRENT_PROJECT_VERSION = 1;
				DEVELOPMENT_TEAM = "";
				ENABLE_PREVIEWS = YES;
				GENERATE_INFOPLIST_FILE = YES;
				INFOPLIST_KEY_UIApplicationSceneManifest_Generation = YES;
				INFOPLIST_KEY_UIApplicationSupportsIndirectInputEvents = YES;
				INFOPLIST_KEY_UILaunchScreen_Generation = YES;
				IPHONEOS_DEPLOYMENT_TARGET = 17.0;
				LD_RUNPATH_SEARCH_PATHS = "$(inherited) @executable_path/Frameworks";
				MARKETING_VERSION = 1.0;
				PRODUCT_BUNDLE_IDENTIFIER = com.moneygowhere.app;
				PRODUCT_NAME = "$(TARGET_NAME)";
				SDKROOT = iphoneos;
				SWIFT_EMIT_LOC_STRINGS = NO;
				SWIFT_VERSION = 6.0;
				TARGETED_DEVICE_FAMILY = 1;
				VALIDATE_PRODUCT = YES;
			};
			name = Release;
		};
		7CFB6C8EAB727141AED0B03B /* Release */ = {
			isa = XCBuildConfiguration;
			buildSettings = {
				ALWAYS_SEARCH_USER_PATHS = NO;
				CLANG_ANALYZER_NONNULL = YES;
				CLANG_ANALYZER_NUMBER_OBJECT_CONVERSION = YES_AGGRESSIVE;
				CLANG_CXX_LANGUAGE_STANDARD = "gnu++14";
				CLANG_CXX_LIBRARY = "libc++";
				CLANG_ENABLE_MODULES = YES;
				CLANG_ENABLE_OBJC_ARC = YES;
				CLANG_ENABLE_OBJC_WEAK = YES;
				CLANG_WARN_BLOCK_CAPTURE_AUTORELEASING = YES;
				CLANG_WARN_BOOL_CONVERSION = YES;
				CLANG_WARN_COMMA = YES;
				CLANG_WARN_CONSTANT_CONVERSION = YES;
				CLANG_WARN_DEPRECATED_OBJC_IMPLEMENTATIONS = YES;
				CLANG_WARN_DIRECT_OBJC_ISA_USAGE = YES_ERROR;
				CLANG_WARN_DOCUMENTATION_COMMENTS = YES;
				CLANG_WARN_EMPTY_BODY = YES;
				CLANG_WARN_ENUM_CONVERSION = YES;
				CLANG_WARN_INFINITE_RECURSION = YES;
				CLANG_WARN_INT_CONVERSION = YES;
				CLANG_WARN_NON_LITERAL_NULL_CONVERSION = YES;
				CLANG_WARN_OBJC_IMPLICIT_RETAIN_SELF = YES;
				CLANG_WARN_OBJC_LITERAL_CONVERSION = YES;
				CLANG_WARN_OBJC_ROOT_CLASS = YES_ERROR;
				CLANG_WARN_QUOTED_INCLUDE_IN_FRAMEWORK_HEADER = YES;
				CLANG_WARN_RANGE_LOOP_ANALYSIS = YES;
				CLANG_WARN_STRICT_PROTOTYPES = YES;
				CLANG_WARN_SUSPICIOUS_MOVE = YES;
				CLANG_WARN_UNGUARDED_AVAILABILITY = YES_AGGRESSIVE;
				CLANG_WARN_UNREACHABLE_CODE = YES;
				CLANG_WARN__DUPLICATE_METHOD_MATCH = YES;
				COPY_PHASE_STRIP = NO;
				DEBUG_INFORMATION_FORMAT = "dwarf-with-dsym";
				ENABLE_NS_ASSERTIONS = NO;
				ENABLE_STRICT_OBJC_MSGSEND = YES;
				GCC_C_LANGUAGE_STANDARD = gnu11;
				GCC_NO_COMMON_BLOCKS = YES;
				GCC_WARN_64_TO_32_BIT_CONVERSION = YES;
				GCC_WARN_ABOUT_RETURN_TYPE = YES_ERROR;
				GCC_WARN_UNDECLARED_SELECTOR = YES;
				GCC_WARN_UNINITIALIZED_AUTOS = YES_AGGRESSIVE;
				GCC_WARN_UNUSED_FUNCTION = YES;
				GCC_WARN_UNUSED_VARIABLE = YES;
				MTL_ENABLE_DEBUG_INFO = NO;
				MTL_FAST_MATH = YES;
				PRODUCT_NAME = "$(TARGET_NAME)";
				SWIFT_COMPILATION_MODE = wholemodule;
				SWIFT_OPTIMIZATION_LEVEL = "-O";
				SWIFT_VERSION = 5.0;
			};
			name = Release;
		};
		8850B4E7A75948A7EEDFCC84 /* Debug */ = {
			isa = XCBuildConfiguration;
			buildSettings = {
				ASSETCATALOG_COMPILER_APPICON_NAME = AppIcon;
				ASSETCATALOG_COMPILER_GLOBAL_ACCENT_COLOR_NAME = AccentColor;
				CLANG_ENABLE_MODULES = YES;
				CLANG_ENABLE_OBJC_WEAK = NO;
				CODE_SIGN_STYLE = Automatic;
				CURRENT_PROJECT_VERSION = 1;
				DEVELOPMENT_TEAM = "";
				ENABLE_PREVIEWS = YES;
				GENERATE_INFOPLIST_FILE = YES;
				INFOPLIST_KEY_UIApplicationSceneManifest_Generation = YES;
				INFOPLIST_KEY_UIApplicationSupportsIndirectInputEvents = YES;
				INFOPLIST_KEY_UILaunchScreen_Generation = YES;
				IPHONEOS_DEPLOYMENT_TARGET = 17.0;
				LD_RUNPATH_SEARCH_PATHS = "$(inherited) @executable_path/Frameworks";
				MARKETING_VERSION = 1.0;
				PRODUCT_BUNDLE_IDENTIFIER = com.moneygowhere.app;
				PRODUCT_NAME = "$(TARGET_NAME)";
				SDKROOT = iphoneos;
				SWIFT_EMIT_LOC_STRINGS = NO;
				SWIFT_VERSION = 6.0;
				TARGETED_DEVICE_FAMILY = 1;
			};
			name = Debug;
		};
		DBD9298F84FB4736F23282E0 /* Release */ = {
			isa = XCBuildConfiguration;
			buildSettings = {
				BUNDLE_LOADER = "$(TEST_HOST)";
				CLANG_ENABLE_MODULES = YES;
				CLANG_ENABLE_OBJC_WEAK = NO;
				CODE_SIGN_STYLE = Automatic;
				DEVELOPMENT_TEAM = "";
				GENERATE_INFOPLIST_FILE = YES;
				IPHONEOS_DEPLOYMENT_TARGET = 17.0;
				PRODUCT_BUNDLE_IDENTIFIER = com.moneygowhere.app.tests;
				PRODUCT_NAME = "$(TARGET_NAME)";
				SDKROOT = iphoneos;
				SWIFT_EMIT_LOC_STRINGS = NO;
				SWIFT_VERSION = 6.0;
				TARGETED_DEVICE_FAMILY = 1;
				TEST_HOST = "$(BUILT_PRODUCTS_DIR)/MoneyGoWhere.app/$(BUNDLE_EXECUTABLE_FOLDER_PATH)/MoneyGoWhere";
				VALIDATE_PRODUCT = YES;
			};
			name = Release;
		};
/* End XCBuildConfiguration section */

/* Begin XCConfigurationList section */
		22DEEB021C2DC50988537620 /* Build configuration list for PBXProject "MoneyGoWhere" */ = {
			isa = XCConfigurationList;
			buildConfigurations = (
				3E43DDE407BB1EAABCA4796C /* Debug */,
				7CFB6C8EAB727141AED0B03B /* Release */,
			);
			defaultConfigurationIsVisible = 0;
			defaultConfigurationName = Release;
		};
		3947AB9513898324DA2E7EB5 /* Build configuration list for PBXNativeTarget "MoneyGoWhereTests" */ = {
			isa = XCConfigurationList;
			buildConfigurations = (
				DBD9298F84FB4736F23282E0 /* Release */,
				100DE2EADE4FA515EEEFC104 /* Debug */,
			);
			defaultConfigurationIsVisible = 0;
			defaultConfigurationName = Release;
		};
		4BC1A4ABD13ABF34E55ED9D2 /* Build configuration list for PBXNativeTarget "MoneyGoWhere" */ = {
			isa = XCConfigurationList;
			buildConfigurations = (
				5F09DB583D1FF355BF69850A /* Release */,
				8850B4E7A75948A7EEDFCC84 /* Debug */,
			);
			defaultConfigurationIsVisible = 0;
			defaultConfigurationName = Release;
		};
/* End XCConfigurationList section */

/* Begin XCRemoteSwiftPackageReference section */
		D9B901AA4A7192FF3A47982D /* XCRemoteSwiftPackageReference "purchases-ios" */ = {
			isa = XCRemoteSwiftPackageReference;
			repositoryURL = "https://github.com/RevenueCat/purchases-ios";
			requirement = {
				kind = upToNextMajorVersion;
				minimumVersion = 5.0.0;
			};
		};
/* End XCRemoteSwiftPackageReference section */

/* Begin XCSwiftPackageProductDependency section */
		121A9ECC486B5650F46C0921 /* RevenueCat */ = {
			isa = XCSwiftPackageProductDependency;
			package = D9B901AA4A7192FF3A47982D /* XCRemoteSwiftPackageReference "purchases-ios" */;
			productName = RevenueCat;
		};
/* End XCSwiftPackageProductDependency section */
	};
	rootObject = C6C4FE069478ED5D841EDC64 /* Project object */;
}
