// !$*UTF8*$!
{
	archiveVersion = 1;
	classes = {
	};
	objectVersion = 46;
	objects = {

/* Begin PBXBuildFile section */
		11C7BBD937EE10C72B47BA89 /* ProjectionEngine.swift in Sources */ = {isa = PBXBuildFile; fileRef = F4683E582116A01C4C771085 /* ProjectionEngine.swift */; };
		127CD9E6D51A1C5C2543A363 /* CurrencyConversionService.swift in Sources */ = {isa = PBXBuildFile; fileRef = AF1563EB443009AA5DD1B51C /* CurrencyConversionService.swift */; };
		136A2326B9DE41108F5F0339 /* CurrencyInfo.swift in Sources */ = {isa = PBXBuildFile; fileRef = 40E60C55C276C071D15A0A10 /* CurrencyInfo.swift */; };
		158B231B632EB7820AE359E3 /* CurrencyConversionServiceTests.swift in Sources */ = {isa = PBXBuildFile; fileRef = D012156C80DD3E50C8EA11D9 /* CurrencyConversionServiceTests.swift */; };
		23732AE181F6030AC6BF9234 /* NotificationService.swift in Sources */ = {isa = PBXBuildFile; fileRef = 08D0D779F73637587F67155F /* NotificationService.swift */; };
		279FCF9319301C0D79337682 /* PaymentMethodOption.swift in Sources */ = {isa = PBXBuildFile; fileRef = 49ABB96751BB910448604BAE /* PaymentMethodOption.swift */; };
		28D80433EB3B7B70560AD520 /* Foundation.framework in Frameworks */ = {isa = PBXBuildFile; fileRef = 5F859331C064CD9ED032694F /* Foundation.framework */; };
		2921F9D34ABF7E440D52A004 /* ProjectionEngineTests.swift in Sources */ = {isa = PBXBuildFile; fileRef = FA438B97CF2D43ADEB363AB2 /* ProjectionEngineTests.swift */; };
		297D0E8E13F6E92C6992DD14 /* Foundation.framework in Frameworks */ = {isa = PBXBuildFile; fileRef = 5F859331C064CD9ED032694F /* Foundation.framework */; };
		2E83D1263AE67E5170AE2EB6 /* AccountService.swift in Sources */ = {isa = PBXBuildFile; fileRef = C0235A0EBB34C18D99F068F7 /* AccountService.swift */; };
		2F24D4509BFADFE4F4B9DF71 /* CatalogService.swift in Sources */ = {isa = PBXBuildFile; fileRef = 5B1EDD04B00C723C7E8B5D33 /* CatalogService.swift */; };
		3699A35E18D95ABB19919E36 /* SyncService.swift in Sources */ = {isa = PBXBuildFile; fileRef = 3AD93CC2632400F9B7F2A7FC /* SyncService.swift */; };
		516BC2B5ACA6B297594677DA /* DesignSystem.swift in Sources */ = {isa = PBXBuildFile; fileRef = F91FF8CCB13F0DD8FD0F954D /* DesignSystem.swift */; };
		627DBBD513517CD3371B81E5 /* InsightsEngineTests.swift in Sources */ = {isa = PBXBuildFile; fileRef = 0B989B147F7E11A020EFF8BA /* InsightsEngineTests.swift */; };
		6414E23992F739E232205C06 /* FinanceModels.swift in Sources */ = {isa = PBXBuildFile; fileRef = F01628E427D97C82D654AC71 /* FinanceModels.swift */; };
		66FAB2D53E09E2CB0B76C87B /* InsightsEngine.swift in Sources */ = {isa = PBXBuildFile; fileRef = 3791E1422EF72B5242735D54 /* InsightsEngine.swift */; };
		6810BCDEF152B256411828A8 /* NotificationPermissionView.swift in Sources */ = {isa = PBXBuildFile; fileRef = FDC490FB0523246A883453B3 /* NotificationPermissionView.swift */; };
		6A747CE1C4FF95A5ADCC0CB3 /* RecurringItemEditorView.swift in Sources */ = {isa = PBXBuildFile; fileRef = E74F8C86B19693242010EC70 /* RecurringItemEditorView.swift */; };
		79610AB8C721149890C28A78 /* Flying_money.lottie in Resources */ = {isa = PBXBuildFile; fileRef = 4DF3290267D763390230978A /* Flying_money.lottie */; };
		80B66ECA8E99B210C478E879 /* AppModel.swift in Sources */ = {isa = PBXBuildFile; fileRef = E4C2482E2B26A3F2D8D73865 /* AppModel.swift */; };
		830F8649E4D1FBD7A43CE636 /* Assets.xcassets in Resources */ = {isa = PBXBuildFile; fileRef = 982D2B3A836580E247CF5232 /* Assets.xcassets */; };
		88C40BFCC29AE0F90AB9CC10 /* DashboardView.swift in Sources */ = {isa = PBXBuildFile; fileRef = E9CDA1D93652CB9B2EAEF483 /* DashboardView.swift */; };
		938AF18DA827F1C0B069335D /* FinanceAssistantServiceTests.swift in Sources */ = {isa = PBXBuildFile; fileRef = 9BB9479D22E0193D414C9ABC /* FinanceAssistantServiceTests.swift */; };
		9760F990FFBB1C94DCC0A0E7 /* SubscriptionService.swift in Sources */ = {isa = PBXBuildFile; fileRef = 13AEC58D2663AB1A5B13AD3E /* SubscriptionService.swift */; };
		9F1DB6512EE636CA093700DC /* MoneyGoWhereApp.swift in Sources */ = {isa = PBXBuildFile; fileRef = 89B10CEB70C32075DC112584 /* MoneyGoWhereApp.swift */; };
		A7EED782FA1F726E64FBE91B /* ChatView.swift in Sources */ = {isa = PBXBuildFile; fileRef = C6807819B023B9124A872AE7 /* ChatView.swift */; };
		B7E986FD4C6B7D2CC5662FC3 /* SplashScreenView.swift in Sources */ = {isa = PBXBuildFile; fileRef = 45B43B10F1318C2A328F6268 /* SplashScreenView.swift */; };
		BE607E25A590E9EF7ABEEE87 /* RootView.swift in Sources */ = {isa = PBXBuildFile; fileRef = 672CCA342125544E181F433A /* RootView.swift */; };
		E8536BABB9FE98AE9F8EA1ED /* Formatting.swift in Sources */ = {isa = PBXBuildFile; fileRef = 12222C91494ECC8E2572946A /* Formatting.swift */; };
		EE013F41DD090090CB5C28AA /* LocalPersistence.swift in Sources */ = {isa = PBXBuildFile; fileRef = A6ED5FCB7ACFF509FF7A477E /* LocalPersistence.swift */; };
		EF0BB4C168A5D09B1F74C12B /* OnboardingFlowView.swift in Sources */ = {isa = PBXBuildFile; fileRef = BABD58412BBF475EA22AC4C4 /* OnboardingFlowView.swift */; };
		F4F43236FCE5C2E4C21FD461 /* FinanceAssistantService.swift in Sources */ = {isa = PBXBuildFile; fileRef = 97BF3742C3AC3A631F682604 /* FinanceAssistantService.swift */; };
		FD612DF50621A8EDE5D4F85B /* MainShellView.swift in Sources */ = {isa = PBXBuildFile; fileRef = E7CD93833E9EFBF125221739 /* MainShellView.swift */; };
/* End PBXBuildFile section */

/* Begin PBXContainerItemProxy section */
		58D8FAC75D16E107E9966048 /* PBXContainerItemProxy */ = {
			isa = PBXContainerItemProxy;
			containerPortal = A674342E1B033E14F426C840 /* Project object */;
			proxyType = 1;
			remoteGlobalIDString = 86EC45599436325D17127F77;
			remoteInfo = MoneyGoWhere;
		};
/* End PBXContainerItemProxy section */

/* Begin PBXFileReference section */
		08D0D779F73637587F67155F /* NotificationService.swift */ = {isa = PBXFileReference; includeInIndex = 1; lastKnownFileType = sourcecode.swift; name = NotificationService.swift; path = MoneyGoWhere/Services/NotificationService.swift; sourceTree = "<group>"; };
		0B989B147F7E11A020EFF8BA /* InsightsEngineTests.swift */ = {isa = PBXFileReference; includeInIndex = 1; lastKnownFileType = sourcecode.swift; name = InsightsEngineTests.swift; path = MoneyGoWhereTests/InsightsEngineTests.swift; sourceTree = "<group>"; };
		12222C91494ECC8E2572946A /* Formatting.swift */ = {isa = PBXFileReference; includeInIndex = 1; lastKnownFileType = sourcecode.swift; name = Formatting.swift; path = MoneyGoWhere/Domain/Formatting.swift; sourceTree = "<group>"; };
		13AEC58D2663AB1A5B13AD3E /* SubscriptionService.swift */ = {isa = PBXFileReference; includeInIndex = 1; lastKnownFileType = sourcecode.swift; name = SubscriptionService.swift; path = MoneyGoWhere/Services/SubscriptionService.swift; sourceTree = "<group>"; };
		3791E1422EF72B5242735D54 /* InsightsEngine.swift */ = {isa = PBXFileReference; includeInIndex = 1; lastKnownFileType = sourcecode.swift; name = InsightsEngine.swift; path = MoneyGoWhere/Services/InsightsEngine.swift; sourceTree = "<group>"; };
		3AD93CC2632400F9B7F2A7FC /* SyncService.swift */ = {isa = PBXFileReference; includeInIndex = 1; lastKnownFileType = sourcecode.swift; name = SyncService.swift; path = MoneyGoWhere/Services/SyncService.swift; sourceTree = "<group>"; };
		40E60C55C276C071D15A0A10 /* CurrencyInfo.swift */ = {isa = PBXFileReference; includeInIndex = 1; lastKnownFileType = sourcecode.swift; name = CurrencyInfo.swift; path = MoneyGoWhere/Domain/CurrencyInfo.swift; sourceTree = "<group>"; };
		45B43B10F1318C2A328F6268 /* SplashScreenView.swift */ = {isa = PBXFileReference; includeInIndex = 1; lastKnownFileType = sourcecode.swift; name = SplashScreenView.swift; path = MoneyGoWhere/Views/SplashScreenView.swift; sourceTree = "<group>"; };
		49ABB96751BB910448604BAE /* PaymentMethodOption.swift */ = {isa = PBXFileReference; includeInIndex = 1; lastKnownFileType = sourcecode.swift; name = PaymentMethodOption.swift; path = MoneyGoWhere/Domain/PaymentMethodOption.swift; sourceTree = "<group>"; };
		4DF3290267D763390230978A /* Flying_money.lottie */ = {isa = PBXFileReference; includeInIndex = 1; name = Flying_money.lottie; path = MoneyGoWhere/Resources/Flying_money.lottie; sourceTree = "<group>"; };
		5B1EDD04B00C723C7E8B5D33 /* CatalogService.swift */ = {isa = PBXFileReference; includeInIndex = 1; lastKnownFileType = sourcecode.swift; name = CatalogService.swift; path = MoneyGoWhere/Services/CatalogService.swift; sourceTree = "<group>"; };
		5D30819CE89C834272829727 /* MoneyGoWhereTests.xctest */ = {isa = PBXFileReference; explicitFileType = wrapper.cfbundle; includeInIndex = 0; path = MoneyGoWhereTests.xctest; sourceTree = BUILT_PRODUCTS_DIR; };
		5F859331C064CD9ED032694F /* Foundation.framework */ = {isa = PBXFileReference; lastKnownFileType = wrapper.framework; name = Foundation.framework; path = Platforms/iPhoneOS.platform/Developer/SDKs/iPhoneOS18.0.sdk/System/Library/Frameworks/Foundation.framework; sourceTree = DEVELOPER_DIR; };
		672CCA342125544E181F433A /* RootView.swift */ = {isa = PBXFileReference; includeInIndex = 1; lastKnownFileType = sourcecode.swift; name = RootView.swift; path = MoneyGoWhere/Views/RootView.swift; sourceTree = "<group>"; };
		6B8208C94406815165A2F977 /* MoneyGoWhere.app */ = {isa = PBXFileReference; explicitFileType = wrapper.application; includeInIndex = 0; path = MoneyGoWhere.app; sourceTree = BUILT_PRODUCTS_DIR; };
		89B10CEB70C32075DC112584 /* MoneyGoWhereApp.swift */ = {isa = PBXFileReference; includeInIndex = 1; lastKnownFileType = sourcecode.swift; name = MoneyGoWhereApp.swift; path = MoneyGoWhere/App/MoneyGoWhereApp.swift; sourceTree = "<group>"; };
		97BF3742C3AC3A631F682604 /* FinanceAssistantService.swift */ = {isa = PBXFileReference; includeInIndex = 1; lastKnownFileType = sourcecode.swift; name = FinanceAssistantService.swift; path = MoneyGoWhere/Services/FinanceAssistantService.swift; sourceTree = "<group>"; };
		982D2B3A836580E247CF5232 /* Assets.xcassets */ = {isa = PBXFileReference; includeInIndex = 1; lastKnownFileType = folder.assetcatalog; name = Assets.xcassets; path = MoneyGoWhere/Assets.xcassets; sourceTree = "<group>"; };
		9BB9479D22E0193D414C9ABC /* FinanceAssistantServiceTests.swift */ = {isa = PBXFileReference; includeInIndex = 1; lastKnownFileType = sourcecode.swift; name = FinanceAssistantServiceTests.swift; path = MoneyGoWhereTests/FinanceAssistantServiceTests.swift; sourceTree = "<group>"; };
		9C3C71AE2850546F86C9EEF4 /* MoneyGoWhere.entitlements */ = {isa = PBXFileReference; includeInIndex = 1; lastKnownFileType = text.plist.entitlements; name = MoneyGoWhere.entitlements; path = MoneyGoWhere/MoneyGoWhere.entitlements; sourceTree = "<group>"; };
		A6ED5FCB7ACFF509FF7A477E /* LocalPersistence.swift */ = {isa = PBXFileReference; includeInIndex = 1; lastKnownFileType = sourcecode.swift; name = LocalPersistence.swift; path = MoneyGoWhere/Services/LocalPersistence.swift; sourceTree = "<group>"; };
		AF1563EB443009AA5DD1B51C /* CurrencyConversionService.swift */ = {isa = PBXFileReference; includeInIndex = 1; lastKnownFileType = sourcecode.swift; name = CurrencyConversionService.swift; path = MoneyGoWhere/Services/CurrencyConversionService.swift; sourceTree = "<group>"; };
		BABD58412BBF475EA22AC4C4 /* OnboardingFlowView.swift */ = {isa = PBXFileReference; includeInIndex = 1; lastKnownFileType = sourcecode.swift; name = OnboardingFlowView.swift; path = MoneyGoWhere/Views/OnboardingFlowView.swift; sourceTree = "<group>"; };
		C0235A0EBB34C18D99F068F7 /* AccountService.swift */ = {isa = PBXFileReference; includeInIndex = 1; lastKnownFileType = sourcecode.swift; name = AccountService.swift; path = MoneyGoWhere/Services/AccountService.swift; sourceTree = "<group>"; };
		C6807819B023B9124A872AE7 /* ChatView.swift */ = {isa = PBXFileReference; includeInIndex = 1; lastKnownFileType = sourcecode.swift; name = ChatView.swift; path = MoneyGoWhere/Views/ChatView.swift; sourceTree = "<group>"; };
		D012156C80DD3E50C8EA11D9 /* CurrencyConversionServiceTests.swift */ = {isa = PBXFileReference; includeInIndex = 1; lastKnownFileType = sourcecode.swift; name = CurrencyConversionServiceTests.swift; path = MoneyGoWhereTests/CurrencyConversionServiceTests.swift; sourceTree = "<group>"; };
		E4C2482E2B26A3F2D8D73865 /* AppModel.swift */ = {isa = PBXFileReference; includeInIndex = 1; lastKnownFileType = sourcecode.swift; name = AppModel.swift; path = MoneyGoWhere/App/AppModel.swift; sourceTree = "<group>"; };
		E74F8C86B19693242010EC70 /* RecurringItemEditorView.swift */ = {isa = PBXFileReference; includeInIndex = 1; lastKnownFileType = sourcecode.swift; name = RecurringItemEditorView.swift; path = MoneyGoWhere/Views/RecurringItemEditorView.swift; sourceTree = "<group>"; };
		E7CD93833E9EFBF125221739 /* MainShellView.swift */ = {isa = PBXFileReference; includeInIndex = 1; lastKnownFileType = sourcecode.swift; name = MainShellView.swift; path = MoneyGoWhere/Views/MainShellView.swift; sourceTree = "<group>"; };
		E9CDA1D93652CB9B2EAEF483 /* DashboardView.swift */ = {isa = PBXFileReference; includeInIndex = 1; lastKnownFileType = sourcecode.swift; name = DashboardView.swift; path = MoneyGoWhere/Views/DashboardView.swift; sourceTree = "<group>"; };
		F01628E427D97C82D654AC71 /* FinanceModels.swift */ = {isa = PBXFileReference; includeInIndex = 1; lastKnownFileType = sourcecode.swift; name = FinanceModels.swift; path = MoneyGoWhere/Domain/FinanceModels.swift; sourceTree = "<group>"; };
		F4683E582116A01C4C771085 /* ProjectionEngine.swift */ = {isa = PBXFileReference; includeInIndex = 1; lastKnownFileType = sourcecode.swift; name = ProjectionEngine.swift; path = MoneyGoWhere/Services/ProjectionEngine.swift; sourceTree = "<group>"; };
		F91FF8CCB13F0DD8FD0F954D /* DesignSystem.swift */ = {isa = PBXFileReference; includeInIndex = 1; lastKnownFileType = sourcecode.swift; name = DesignSystem.swift; path = MoneyGoWhere/Theme/DesignSystem.swift; sourceTree = "<group>"; };
		FA438B97CF2D43ADEB363AB2 /* ProjectionEngineTests.swift */ = {isa = PBXFileReference; includeInIndex = 1; lastKnownFileType = sourcecode.swift; name = ProjectionEngineTests.swift; path = MoneyGoWhereTests/ProjectionEngineTests.swift; sourceTree = "<group>"; };
		FDC490FB0523246A883453B3 /* NotificationPermissionView.swift */ = {isa = PBXFileReference; includeInIndex = 1; lastKnownFileType = sourcecode.swift; name = NotificationPermissionView.swift; path = MoneyGoWhere/Views/NotificationPermissionView.swift; sourceTree = "<group>"; };
/* End PBXFileReference section */

/* Begin PBXFrameworksBuildPhase section */
		27254829BA6A940451262BB3 /* Frameworks */ = {
			isa = PBXFrameworksBuildPhase;
			buildActionMask = 2147483647;
			files = (
				297D0E8E13F6E92C6992DD14 /* Foundation.framework in Frameworks */,
			);
			runOnlyForDeploymentPostprocessing = 0;
		};
		4010EF2EB57FF4664ADA4809 /* Frameworks */ = {
			isa = PBXFrameworksBuildPhase;
			buildActionMask = 2147483647;
			files = (
				28D80433EB3B7B70560AD520 /* Foundation.framework in Frameworks */,
			);
			runOnlyForDeploymentPostprocessing = 0;
		};
/* End PBXFrameworksBuildPhase section */

/* Begin PBXGroup section */
		1555986B5302683C4755AB10 /* Products */ = {
			isa = PBXGroup;
			children = (
				6B8208C94406815165A2F977 /* MoneyGoWhere.app */,
				5D30819CE89C834272829727 /* MoneyGoWhereTests.xctest */,
			);
			name = Products;
			sourceTree = "<group>";
		};
		22508CC5EAE270CF0DE329B1 /* Frameworks */ = {
			isa = PBXGroup;
			children = (
				75D0DDB3D398BA61CEC9BBD4 /* iOS */,
			);
			name = Frameworks;
			sourceTree = "<group>";
		};
		75D0DDB3D398BA61CEC9BBD4 /* iOS */ = {
			isa = PBXGroup;
			children = (
				5F859331C064CD9ED032694F /* Foundation.framework */,
			);
			name = iOS;
			sourceTree = "<group>";
		};
		A1A02F779FC690EF07BE26B2 /* MoneyGoWhere */ = {
			isa = PBXGroup;
			children = (
				E4C2482E2B26A3F2D8D73865 /* AppModel.swift */,
				89B10CEB70C32075DC112584 /* MoneyGoWhereApp.swift */,
				40E60C55C276C071D15A0A10 /* CurrencyInfo.swift */,
				F01628E427D97C82D654AC71 /* FinanceModels.swift */,
				12222C91494ECC8E2572946A /* Formatting.swift */,
				49ABB96751BB910448604BAE /* PaymentMethodOption.swift */,
				4DF3290267D763390230978A /* Flying_money.lottie */,
				C0235A0EBB34C18D99F068F7 /* AccountService.swift */,
				5B1EDD04B00C723C7E8B5D33 /* CatalogService.swift */,
				AF1563EB443009AA5DD1B51C /* CurrencyConversionService.swift */,
				97BF3742C3AC3A631F682604 /* FinanceAssistantService.swift */,
				3791E1422EF72B5242735D54 /* InsightsEngine.swift */,
				A6ED5FCB7ACFF509FF7A477E /* LocalPersistence.swift */,
				08D0D779F73637587F67155F /* NotificationService.swift */,
				F4683E582116A01C4C771085 /* ProjectionEngine.swift */,
				13AEC58D2663AB1A5B13AD3E /* SubscriptionService.swift */,
				3AD93CC2632400F9B7F2A7FC /* SyncService.swift */,
				F91FF8CCB13F0DD8FD0F954D /* DesignSystem.swift */,
				C6807819B023B9124A872AE7 /* ChatView.swift */,
				E9CDA1D93652CB9B2EAEF483 /* DashboardView.swift */,
				E7CD93833E9EFBF125221739 /* MainShellView.swift */,
				FDC490FB0523246A883453B3 /* NotificationPermissionView.swift */,
				BABD58412BBF475EA22AC4C4 /* OnboardingFlowView.swift */,
				E74F8C86B19693242010EC70 /* RecurringItemEditorView.swift */,
				672CCA342125544E181F433A /* RootView.swift */,
				45B43B10F1318C2A328F6268 /* SplashScreenView.swift */,
				9C3C71AE2850546F86C9EEF4 /* MoneyGoWhere.entitlements */,
				982D2B3A836580E247CF5232 /* Assets.xcassets */,
			);
			name = MoneyGoWhere;
			sourceTree = "<group>";
		};
		BD42B60E5555F053ED0F813F = {
			isa = PBXGroup;
			children = (
				1555986B5302683C4755AB10 /* Products */,
				22508CC5EAE270CF0DE329B1 /* Frameworks */,
				A1A02F779FC690EF07BE26B2 /* MoneyGoWhere */,
				E69D8F3113700B07C263FF37 /* MoneyGoWhereTests */,
			);
			sourceTree = SOURCE_ROOT;
		};
		E69D8F3113700B07C263FF37 /* MoneyGoWhereTests */ = {
			isa = PBXGroup;
			children = (
				D012156C80DD3E50C8EA11D9 /* CurrencyConversionServiceTests.swift */,
				9BB9479D22E0193D414C9ABC /* FinanceAssistantServiceTests.swift */,
				0B989B147F7E11A020EFF8BA /* InsightsEngineTests.swift */,
				FA438B97CF2D43ADEB363AB2 /* ProjectionEngineTests.swift */,
			);
			name = MoneyGoWhereTests;
			sourceTree = "<group>";
		};
/* End PBXGroup section */

/* Begin PBXNativeTarget section */
		566B590A5F82ADA764A93BE9 /* MoneyGoWhereTests */ = {
			isa = PBXNativeTarget;
			buildConfigurationList = 942E6E3B3AAE67EFDF0E0560 /* Build configuration list for PBXNativeTarget "MoneyGoWhereTests" */;
			buildPhases = (
				2EA845260B239FE75F91F484 /* Sources */,
				27254829BA6A940451262BB3 /* Frameworks */,
				F70DD18BE34F808B18DA1154 /* Resources */,
			);
			buildRules = (
			);
			dependencies = (
				FEBDC931322AF34FC51B1F57 /* PBXTargetDependency */,
			);
			name = MoneyGoWhereTests;
			productName = MoneyGoWhereTests;
			productReference = 5D30819CE89C834272829727 /* MoneyGoWhereTests.xctest */;
			productType = "com.apple.product-type.bundle.unit-test";
		};
		86EC45599436325D17127F77 /* MoneyGoWhere */ = {
			isa = PBXNativeTarget;
			buildConfigurationList = D81CBC4B8D2E6AE17F401953 /* Build configuration list for PBXNativeTarget "MoneyGoWhere" */;
			buildPhases = (
				9689209D28935A972D6E9780 /* Sources */,
				4010EF2EB57FF4664ADA4809 /* Frameworks */,
				CC1C9D4F5A59CB2799C044A1 /* Resources */,
			);
			buildRules = (
			);
			dependencies = (
			);
			name = MoneyGoWhere;
			packageProductDependencies = (
				AAC2C1236EC41E741B08E232 /* Lottie */,
				C1A56514AC13A5FF33ED7A95 /* RevenueCat */,
			);
			productName = MoneyGoWhere;
			productReference = 6B8208C94406815165A2F977 /* MoneyGoWhere.app */;
			productType = "com.apple.product-type.application";
		};
/* End PBXNativeTarget section */

/* Begin PBXProject section */
		A674342E1B033E14F426C840 /* Project object */ = {
			isa = PBXProject;
			attributes = {
				LastSwiftUpdateCheck = 1600;
				LastUpgradeCheck = 2640;
				TargetAttributes = {
				};
			};
			buildConfigurationList = DA5A65D2B7EC59781B447365 /* Build configuration list for PBXProject "MoneyGoWhere" */;
			compatibilityVersion = "Xcode 3.2";
			developmentRegion = en;
			hasScannedForEncodings = 0;
			knownRegions = (
				en,
				Base,
			);
			mainGroup = BD42B60E5555F053ED0F813F;
			minimizedProjectReferenceProxies = 0;
			packageReferences = (
				2843781EE037BC529C6C8330 /* XCRemoteSwiftPackageReference "lottie-ios" */,
				93292D48715FE91A009398C0 /* XCRemoteSwiftPackageReference "purchases-ios" */,
			);
			preferredProjectObjectVersion = 77;
			productRefGroup = 1555986B5302683C4755AB10 /* Products */;
			projectDirPath = "";
			projectRoot = "";
			targets = (
				86EC45599436325D17127F77 /* MoneyGoWhere */,
				566B590A5F82ADA764A93BE9 /* MoneyGoWhereTests */,
			);
		};
/* End PBXProject section */

/* Begin PBXResourcesBuildPhase section */
		CC1C9D4F5A59CB2799C044A1 /* Resources */ = {
			isa = PBXResourcesBuildPhase;
			buildActionMask = 2147483647;
			files = (
				79610AB8C721149890C28A78 /* Flying_money.lottie in Resources */,
				830F8649E4D1FBD7A43CE636 /* Assets.xcassets in Resources */,
			);
			runOnlyForDeploymentPostprocessing = 0;
		};
		F70DD18BE34F808B18DA1154 /* Resources */ = {
			isa = PBXResourcesBuildPhase;
			buildActionMask = 2147483647;
			files = (
			);
			runOnlyForDeploymentPostprocessing = 0;
		};
/* End PBXResourcesBuildPhase section */

/* Begin PBXSourcesBuildPhase section */
		2EA845260B239FE75F91F484 /* Sources */ = {
			isa = PBXSourcesBuildPhase;
			buildActionMask = 2147483647;
			files = (
				158B231B632EB7820AE359E3 /* CurrencyConversionServiceTests.swift in Sources */,
				938AF18DA827F1C0B069335D /* FinanceAssistantServiceTests.swift in Sources */,
				627DBBD513517CD3371B81E5 /* InsightsEngineTests.swift in Sources */,
				2921F9D34ABF7E440D52A004 /* ProjectionEngineTests.swift in Sources */,
			);
			runOnlyForDeploymentPostprocessing = 0;
		};
		9689209D28935A972D6E9780 /* Sources */ = {
			isa = PBXSourcesBuildPhase;
			buildActionMask = 2147483647;
			files = (
				80B66ECA8E99B210C478E879 /* AppModel.swift in Sources */,
				9F1DB6512EE636CA093700DC /* MoneyGoWhereApp.swift in Sources */,
				136A2326B9DE41108F5F0339 /* CurrencyInfo.swift in Sources */,
				6414E23992F739E232205C06 /* FinanceModels.swift in Sources */,
				E8536BABB9FE98AE9F8EA1ED /* Formatting.swift in Sources */,
				279FCF9319301C0D79337682 /* PaymentMethodOption.swift in Sources */,
				2E83D1263AE67E5170AE2EB6 /* AccountService.swift in Sources */,
				2F24D4509BFADFE4F4B9DF71 /* CatalogService.swift in Sources */,
				127CD9E6D51A1C5C2543A363 /* CurrencyConversionService.swift in Sources */,
				F4F43236FCE5C2E4C21FD461 /* FinanceAssistantService.swift in Sources */,
				66FAB2D53E09E2CB0B76C87B /* InsightsEngine.swift in Sources */,
				EE013F41DD090090CB5C28AA /* LocalPersistence.swift in Sources */,
				23732AE181F6030AC6BF9234 /* NotificationService.swift in Sources */,
				11C7BBD937EE10C72B47BA89 /* ProjectionEngine.swift in Sources */,
				9760F990FFBB1C94DCC0A0E7 /* SubscriptionService.swift in Sources */,
				3699A35E18D95ABB19919E36 /* SyncService.swift in Sources */,
				516BC2B5ACA6B297594677DA /* DesignSystem.swift in Sources */,
				A7EED782FA1F726E64FBE91B /* ChatView.swift in Sources */,
				88C40BFCC29AE0F90AB9CC10 /* DashboardView.swift in Sources */,
				FD612DF50621A8EDE5D4F85B /* MainShellView.swift in Sources */,
				6810BCDEF152B256411828A8 /* NotificationPermissionView.swift in Sources */,
				EF0BB4C168A5D09B1F74C12B /* OnboardingFlowView.swift in Sources */,
				6A747CE1C4FF95A5ADCC0CB3 /* RecurringItemEditorView.swift in Sources */,
				BE607E25A590E9EF7ABEEE87 /* RootView.swift in Sources */,
				B7E986FD4C6B7D2CC5662FC3 /* SplashScreenView.swift in Sources */,
			);
			runOnlyForDeploymentPostprocessing = 0;
		};
/* End PBXSourcesBuildPhase section */

/* Begin PBXTargetDependency section */
		FEBDC931322AF34FC51B1F57 /* PBXTargetDependency */ = {
			isa = PBXTargetDependency;
			name = MoneyGoWhere;
			target = 86EC45599436325D17127F77 /* MoneyGoWhere */;
			targetProxy = 58D8FAC75D16E107E9966048 /* PBXContainerItemProxy */;
		};
/* End PBXTargetDependency section */

/* Begin XCBuildConfiguration section */
		2B4D6ADD44E5ABA1A2FBE8EF /* Debug */ = {
			isa = XCBuildConfiguration;
			buildSettings = {
				ALWAYS_SEARCH_USER_PATHS = NO;
				CLANG_ANALYZER_NONNULL = YES;
				CLANG_ANALYZER_NUMBER_OBJECT_CONVERSION = YES_AGGRESSIVE;
				CLANG_CXX_LANGUAGE_STANDARD = "gnu++14";
				CLANG_CXX_LIBRARY = "libc++";
				CLANG_ENABLE_MODULES = YES;
				CLANG_ENABLE_OBJC_ARC = YES;
				CLANG_ENABLE_OBJC_WEAK = YES;
				CLANG_WARN_BLOCK_CAPTURE_AUTORELEASING = YES;
				CLANG_WARN_BOOL_CONVERSION = YES;
				CLANG_WARN_COMMA = YES;
				CLANG_WARN_CONSTANT_CONVERSION = YES;
				CLANG_WARN_DEPRECATED_OBJC_IMPLEMENTATIONS = YES;
				CLANG_WARN_DIRECT_OBJC_ISA_USAGE = YES_ERROR;
				CLANG_WARN_DOCUMENTATION_COMMENTS = YES;
				CLANG_WARN_EMPTY_BODY = YES;
				CLANG_WARN_ENUM_CONVERSION = YES;
				CLANG_WARN_INFINITE_RECURSION = YES;
				CLANG_WARN_INT_CONVERSION = YES;
				CLANG_WARN_NON_LITERAL_NULL_CONVERSION = YES;
				CLANG_WARN_OBJC_IMPLICIT_RETAIN_SELF = YES;
				CLANG_WARN_OBJC_LITERAL_CONVERSION = YES;
				CLANG_WARN_OBJC_ROOT_CLASS = YES_ERROR;
				CLANG_WARN_QUOTED_INCLUDE_IN_FRAMEWORK_HEADER = YES;
				CLANG_WARN_RANGE_LOOP_ANALYSIS = YES;
				CLANG_WARN_STRICT_PROTOTYPES = YES;
				CLANG_WARN_SUSPICIOUS_MOVE = YES;
				CLANG_WARN_UNGUARDED_AVAILABILITY = YES_AGGRESSIVE;
				CLANG_WARN_UNREACHABLE_CODE = YES;
				CLANG_WARN__DUPLICATE_METHOD_MATCH = YES;
				COPY_PHASE_STRIP = NO;
				DEBUG_INFORMATION_FORMAT = dwarf;
				ENABLE_STRICT_OBJC_MSGSEND = YES;
				ENABLE_TESTABILITY = YES;
				GCC_C_LANGUAGE_STANDARD = gnu11;
				GCC_DYNAMIC_NO_PIC = NO;
				GCC_NO_COMMON_BLOCKS = YES;
				GCC_OPTIMIZATION_LEVEL = 0;
				GCC_PREPROCESSOR_DEFINITIONS = (
					"DEBUG=1",
					"$(inherited)",
				);
				GCC_WARN_64_TO_32_BIT_CONVERSION = YES;
				GCC_WARN_ABOUT_RETURN_TYPE = YES_ERROR;
				GCC_WARN_UNDECLARED_SELECTOR = YES;
				GCC_WARN_UNINITIALIZED_AUTOS = YES_AGGRESSIVE;
				GCC_WARN_UNUSED_FUNCTION = YES;
				GCC_WARN_UNUSED_VARIABLE = YES;
				MTL_ENABLE_DEBUG_INFO = INCLUDE_SOURCE;
				MTL_FAST_MATH = YES;
				ONLY_ACTIVE_ARCH = YES;
				PRODUCT_NAME = "$(TARGET_NAME)";
				SWIFT_ACTIVE_COMPILATION_CONDITIONS = DEBUG;
				SWIFT_OPTIMIZATION_LEVEL = "-Onone";
				SWIFT_VERSION = 5.0;
			};
			name = Debug;
		};
		40586047B1DA4A4A173582F5 /* Release */ = {
			isa = XCBuildConfiguration;
			buildSettings = {
				BUNDLE_LOADER = "$(TEST_HOST)";
				CLANG_ENABLE_MODULES = YES;
				CLANG_ENABLE_OBJC_WEAK = NO;
				CODE_SIGN_STYLE = Automatic;
				DEVELOPMENT_TEAM = 8HM7YPNPP3;
				GENERATE_INFOPLIST_FILE = YES;
				IPHONEOS_DEPLOYMENT_TARGET = 17.0;
				PRODUCT_BUNDLE_IDENTIFIER = com.moneygowhere.app.tests;
				PRODUCT_NAME = "$(TARGET_NAME)";
				SDKROOT = iphoneos;
				SWIFT_EMIT_LOC_STRINGS = NO;
				SWIFT_VERSION = 6.0;
				TARGETED_DEVICE_FAMILY = 1;
				TEST_HOST = "$(BUILT_PRODUCTS_DIR)/MoneyGoWhere.app/$(BUNDLE_EXECUTABLE_FOLDER_PATH)/MoneyGoWhere";
				VALIDATE_PRODUCT = YES;
			};
			name = Release;
		};
		96AA423E97D8F5B1C2789C43 /* Debug */ = {
			isa = XCBuildConfiguration;
			buildSettings = {
				ASSETCATALOG_COMPILER_APPICON_NAME = AppIcon;
				ASSETCATALOG_COMPILER_GLOBAL_ACCENT_COLOR_NAME = AccentColor;
				CLANG_ENABLE_MODULES = YES;
				CLANG_ENABLE_OBJC_WEAK = NO;
				CODE_SIGN_ENTITLEMENTS = MoneyGoWhere/MoneyGoWhere.entitlements;
				CODE_SIGN_STYLE = Automatic;
				CURRENT_PROJECT_VERSION = 1;
				DEVELOPMENT_TEAM = 8HM7YPNPP3;
				ENABLE_PREVIEWS = YES;
				GENERATE_INFOPLIST_FILE = YES;
				INFOPLIST_KEY_UIApplicationSceneManifest_Generation = YES;
				INFOPLIST_KEY_UIApplicationSupportsIndirectInputEvents = YES;
				INFOPLIST_KEY_UILaunchScreen_Generation = YES;
				IPHONEOS_DEPLOYMENT_TARGET = 17.0;
				LD_RUNPATH_SEARCH_PATHS = "$(inherited) @executable_path/Frameworks";
				MARKETING_VERSION = 1.0;
				PRODUCT_BUNDLE_IDENTIFIER = com.moneygowhere.app;
				PRODUCT_NAME = "$(TARGET_NAME)";
				SDKROOT = iphoneos;
				SWIFT_EMIT_LOC_STRINGS = NO;
				SWIFT_VERSION = 6.0;
				TARGETED_DEVICE_FAMILY = 1;
			};
			name = Debug;
		};
		BF8AABEDC42E8C68BB76BCE8 /* Debug */ = {
			isa = XCBuildConfiguration;
			buildSettings = {
				BUNDLE_LOADER = "$(TEST_HOST)";
				CLANG_ENABLE_MODULES = YES;
				CLANG_ENABLE_OBJC_WEAK = NO;
				CODE_SIGN_STYLE = Automatic;
				DEVELOPMENT_TEAM = 8HM7YPNPP3;
				GENERATE_INFOPLIST_FILE = YES;
				IPHONEOS_DEPLOYMENT_TARGET = 17.0;
				PRODUCT_BUNDLE_IDENTIFIER = com.moneygowhere.app.tests;
				PRODUCT_NAME = "$(TARGET_NAME)";
				SDKROOT = iphoneos;
				SWIFT_EMIT_LOC_STRINGS = NO;
				SWIFT_VERSION = 6.0;
				TARGETED_DEVICE_FAMILY = 1;
				TEST_HOST = "$(BUILT_PRODUCTS_DIR)/MoneyGoWhere.app/$(BUNDLE_EXECUTABLE_FOLDER_PATH)/MoneyGoWhere";
			};
			name = Debug;
		};
		DD9C6A4E19B00DA636E8ED67 /* Release */ = {
			isa = XCBuildConfiguration;
			buildSettings = {
				ASSETCATALOG_COMPILER_APPICON_NAME = AppIcon;
				ASSETCATALOG_COMPILER_GLOBAL_ACCENT_COLOR_NAME = AccentColor;
				CLANG_ENABLE_MODULES = YES;
				CLANG_ENABLE_OBJC_WEAK = NO;
				CODE_SIGN_ENTITLEMENTS = MoneyGoWhere/MoneyGoWhere.entitlements;
				CODE_SIGN_STYLE = Automatic;
				CURRENT_PROJECT_VERSION = 1;
				DEVELOPMENT_TEAM = 8HM7YPNPP3;
				ENABLE_PREVIEWS = YES;
				GENERATE_INFOPLIST_FILE = YES;
				INFOPLIST_KEY_UIApplicationSceneManifest_Generation = YES;
				INFOPLIST_KEY_UIApplicationSupportsIndirectInputEvents = YES;
				INFOPLIST_KEY_UILaunchScreen_Generation = YES;
				IPHONEOS_DEPLOYMENT_TARGET = 17.0;
				LD_RUNPATH_SEARCH_PATHS = "$(inherited) @executable_path/Frameworks";
				MARKETING_VERSION = 1.0;
				PRODUCT_BUNDLE_IDENTIFIER = com.moneygowhere.app;
				PRODUCT_NAME = "$(TARGET_NAME)";
				SDKROOT = iphoneos;
				SWIFT_EMIT_LOC_STRINGS = NO;
				SWIFT_VERSION = 6.0;
				TARGETED_DEVICE_FAMILY = 1;
				VALIDATE_PRODUCT = YES;
			};
			name = Release;
		};
		E6B9C51A48B52B277F4EB36E /* Release */ = {
			isa = XCBuildConfiguration;
			buildSettings = {
				ALWAYS_SEARCH_USER_PATHS = NO;
				CLANG_ANALYZER_NONNULL = YES;
				CLANG_ANALYZER_NUMBER_OBJECT_CONVERSION = YES_AGGRESSIVE;
				CLANG_CXX_LANGUAGE_STANDARD = "gnu++14";
				CLANG_CXX_LIBRARY = "libc++";
				CLANG_ENABLE_MODULES = YES;
				CLANG_ENABLE_OBJC_ARC = YES;
				CLANG_ENABLE_OBJC_WEAK = YES;
				CLANG_WARN_BLOCK_CAPTURE_AUTORELEASING = YES;
				CLANG_WARN_BOOL_CONVERSION = YES;
				CLANG_WARN_COMMA = YES;
				CLANG_WARN_CONSTANT_CONVERSION = YES;
				CLANG_WARN_DEPRECATED_OBJC_IMPLEMENTATIONS = YES;
				CLANG_WARN_DIRECT_OBJC_ISA_USAGE = YES_ERROR;
				CLANG_WARN_DOCUMENTATION_COMMENTS = YES;
				CLANG_WARN_EMPTY_BODY = YES;
				CLANG_WARN_ENUM_CONVERSION = YES;
				CLANG_WARN_INFINITE_RECURSION = YES;
				CLANG_WARN_INT_CONVERSION = YES;
				CLANG_WARN_NON_LITERAL_NULL_CONVERSION = YES;
				CLANG_WARN_OBJC_IMPLICIT_RETAIN_SELF = YES;
				CLANG_WARN_OBJC_LITERAL_CONVERSION = YES;
				CLANG_WARN_OBJC_ROOT_CLASS = YES_ERROR;
				CLANG_WARN_QUOTED_INCLUDE_IN_FRAMEWORK_HEADER = YES;
				CLANG_WARN_RANGE_LOOP_ANALYSIS = YES;
				CLANG_WARN_STRICT_PROTOTYPES = YES;
				CLANG_WARN_SUSPICIOUS_MOVE = YES;
				CLANG_WARN_UNGUARDED_AVAILABILITY = YES_AGGRESSIVE;
				CLANG_WARN_UNREACHABLE_CODE = YES;
				CLANG_WARN__DUPLICATE_METHOD_MATCH = YES;
				COPY_PHASE_STRIP = NO;
				DEBUG_INFORMATION_FORMAT = "dwarf-with-dsym";
				ENABLE_NS_ASSERTIONS = NO;
				ENABLE_STRICT_OBJC_MSGSEND = YES;
				GCC_C_LANGUAGE_STANDARD = gnu11;
				GCC_NO_COMMON_BLOCKS = YES;
				GCC_WARN_64_TO_32_BIT_CONVERSION = YES;
				GCC_WARN_ABOUT_RETURN_TYPE = YES_ERROR;
				GCC_WARN_UNDECLARED_SELECTOR = YES;
				GCC_WARN_UNINITIALIZED_AUTOS = YES_AGGRESSIVE;
				GCC_WARN_UNUSED_FUNCTION = YES;
				GCC_WARN_UNUSED_VARIABLE = YES;
				MTL_ENABLE_DEBUG_INFO = NO;
				MTL_FAST_MATH = YES;
				PRODUCT_NAME = "$(TARGET_NAME)";
				SWIFT_COMPILATION_MODE = wholemodule;
				SWIFT_OPTIMIZATION_LEVEL = "-O";
				SWIFT_VERSION = 5.0;
			};
			name = Release;
		};
/* End XCBuildConfiguration section */

/* Begin XCConfigurationList section */
		942E6E3B3AAE67EFDF0E0560 /* Build configuration list for PBXNativeTarget "MoneyGoWhereTests" */ = {
			isa = XCConfigurationList;
			buildConfigurations = (
				40586047B1DA4A4A173582F5 /* Release */,
				BF8AABEDC42E8C68BB76BCE8 /* Debug */,
			);
			defaultConfigurationIsVisible = 0;
			defaultConfigurationName = Release;
		};
		D81CBC4B8D2E6AE17F401953 /* Build configuration list for PBXNativeTarget "MoneyGoWhere" */ = {
			isa = XCConfigurationList;
			buildConfigurations = (
				DD9C6A4E19B00DA636E8ED67 /* Release */,
				96AA423E97D8F5B1C2789C43 /* Debug */,
			);
			defaultConfigurationIsVisible = 0;
			defaultConfigurationName = Release;
		};
		DA5A65D2B7EC59781B447365 /* Build configuration list for PBXProject "MoneyGoWhere" */ = {
			isa = XCConfigurationList;
			buildConfigurations = (
				2B4D6ADD44E5ABA1A2FBE8EF /* Debug */,
				E6B9C51A48B52B277F4EB36E /* Release */,
			);
			defaultConfigurationIsVisible = 0;
			defaultConfigurationName = Release;
		};
/* End XCConfigurationList section */

/* Begin XCRemoteSwiftPackageReference section */
		2843781EE037BC529C6C8330 /* XCRemoteSwiftPackageReference "lottie-ios" */ = {
			isa = XCRemoteSwiftPackageReference;
			repositoryURL = "https://github.com/airbnb/lottie-ios";
			requirement = {
				kind = upToNextMajorVersion;
				minimumVersion = 4.5.0;
			};
		};
		93292D48715FE91A009398C0 /* XCRemoteSwiftPackageReference "purchases-ios" */ = {
			isa = XCRemoteSwiftPackageReference;
			repositoryURL = "https://github.com/RevenueCat/purchases-ios";
			requirement = {
				kind = upToNextMajorVersion;
				minimumVersion = 5.0.0;
			};
		};
/* End XCRemoteSwiftPackageReference section */

/* Begin XCSwiftPackageProductDependency section */
		AAC2C1236EC41E741B08E232 /* Lottie */ = {
			isa = XCSwiftPackageProductDependency;
			package = 2843781EE037BC529C6C8330 /* XCRemoteSwiftPackageReference "lottie-ios" */;
			productName = Lottie;
		};
		C1A56514AC13A5FF33ED7A95 /* RevenueCat */ = {
			isa = XCSwiftPackageProductDependency;
			package = 93292D48715FE91A009398C0 /* XCRemoteSwiftPackageReference "purchases-ios" */;
			productName = RevenueCat;
		};
/* End XCSwiftPackageProductDependency section */
	};
	rootObject = A674342E1B033E14F426C840 /* Project object */;
}
